
Microsoft Visual Studio Solution File, Format Version 12.00
# Visual Studio 2013
VisualStudioVersion = 12.0.31101.0
MinimumVisualStudioVersion = 10.0.40219.1
Project("{8BC9CEB8-8B4A-11D0-8D11-00A0C91BC942}") = "HP_FP_vs2013", "HP_FP_vs2013.vcxproj", "{5817AA84-19C1-4361-ADA3-43A8FC17F0D8}"
EndProject
Project("{8BC9CEB8-8B4A-11D0-8D11-00A0C91BC942}") = "example1_vs2013", "..\examples\1\msvc\example1_vs2013.vcxproj", "{A9F6EEE9-AC5D-4624-A146-3BBDEDA941F1}"
	ProjectSection(ProjectDependencies) = postProject
		{5817AA84-19C1-4361-ADA3-43A8FC17F0D8} = {5817AA84-19C1-4361-ADA3-43A8FC17F0D8}
	EndProjectSection
EndProject
Project("{2150E333-8FDC-42A3-9474-1A3956D46DE8}") = "Solution Items", "Solution Items", "{0A6C8934-4B4C-4459-A0FD-782374AF934A}"
	ProjectSection(SolutionItems) = preProject
		Performance1.psess = Performance1.psess
		Performance2.psess = Performance2.psess
	EndProjectSection
EndProject
Global
	GlobalSection(SolutionConfigurationPlatforms) = preSolution
		Debug|Win32 = Debug|Win32
		Debug|x64 = Debug|x64
		Profile|Win32 = Profile|Win32
		Profile|x64 = Profile|x64
		Release|Win32 = Release|Win32
		Release|x64 = Release|x64
	EndGlobalSection
	GlobalSection(ProjectConfigurationPlatforms) = postSolution
		{5817AA84-19C1-4361-ADA3-43A8FC17F0D8}.Debug|Win32.ActiveCfg = Debug|Win32
		{5817AA84-19C1-4361-ADA3-43A8FC17F0D8}.Debug|Win32.Build.0 = Debug|Win32
		{5817AA84-19C1-4361-ADA3-43A8FC17F0D8}.Debug|x64.ActiveCfg = Debug|x64
		{5817AA84-19C1-4361-ADA3-43A8FC17F0D8}.Debug|x64.Build.0 = Debug|x64
		{5817AA84-19C1-4361-ADA3-43A8FC17F0D8}.Profile|Win32.ActiveCfg = Profile|Win32
		{5817AA84-19C1-4361-ADA3-43A8FC17F0D8}.Profile|Win32.Build.0 = Profile|Win32
		{5817AA84-19C1-4361-ADA3-43A8FC17F0D8}.Profile|x64.ActiveCfg = Profile|x64
		{5817AA84-19C1-4361-ADA3-43A8FC17F0D8}.Profile|x64.Build.0 = Profile|x64
		{5817AA84-19C1-4361-ADA3-43A8FC17F0D8}.Release|Win32.ActiveCfg = Release|Win32
		{5817AA84-19C1-4361-ADA3-43A8FC17F0D8}.Release|Win32.Build.0 = Release|Win32
		{5817AA84-19C1-4361-ADA3-43A8FC17F0D8}.Release|x64.ActiveCfg = Release|x64
		{5817AA84-19C1-4361-ADA3-43A8FC17F0D8}.Release|x64.Build.0 = Release|x64
		{A9F6EEE9-AC5D-4624-A146-3BBDEDA941F1}.Debug|Win32.ActiveCfg = Debug|Win32
		{A9F6EEE9-AC5D-4624-A146-3BBDEDA941F1}.Debug|Win32.Build.0 = Debug|Win32
		{A9F6EEE9-AC5D-4624-A146-3BBDEDA941F1}.Debug|x64.ActiveCfg = Debug|x64
		{A9F6EEE9-AC5D-4624-A146-3BBDEDA941F1}.Debug|x64.Build.0 = Debug|x64
		{A9F6EEE9-AC5D-4624-A146-3BBDEDA941F1}.Profile|Win32.ActiveCfg = Profile|Win32
		{A9F6EEE9-AC5D-4624-A146-3BBDEDA941F1}.Profile|Win32.Build.0 = Profile|Win32
		{A9F6EEE9-AC5D-4624-A146-3BBDEDA941F1}.Profile|x64.ActiveCfg = Profile|x64
		{A9F6EEE9-AC5D-4624-A146-3BBDEDA941F1}.Profile|x64.Build.0 = Profile|x64
		{A9F6EEE9-AC5D-4624-A146-3BBDEDA941F1}.Release|Win32.ActiveCfg = Release|Win32
		{A9F6EEE9-AC5D-4624-A146-3BBDEDA941F1}.Release|Win32.Build.0 = Release|Win32
		{A9F6EEE9-AC5D-4624-A146-3BBDEDA941F1}.Release|x64.ActiveCfg = Release|x64
		{A9F6EEE9-AC5D-4624-A146-3BBDEDA941F1}.Release|x64.Build.0 = Release|x64
	EndGlobalSection
	GlobalSection(SolutionProperties) = preSolution
		HideSolutionNode = FALSE
	EndGlobalSection
EndGlobal
