<?xml version="1.0" encoding="utf-8"?>
<Project ToolsVersion="4.0" xmlns="http://schemas.microsoft.com/developer/msbuild/2003">
  <ItemGroup>
    <Filter Include="src">
      <UniqueIdentifier>{3931f79e-2f6c-4c40-aae5-0d63c228b7a4}</UniqueIdentifier>
    </Filter>
    <Filter Include="include">
      <UniqueIdentifier>{23022985-5d8d-4d40-babb-0613ebed2b6e}</UniqueIdentifier>
    </Filter>
    <Filter Include="src\main">
      <UniqueIdentifier>{2fd0d91b-d50d-476f-94b1-5cc1ed1893e7}</UniqueIdentifier>
    </Filter>
    <Filter Include="include\pch">
      <UniqueIdentifier>{360346d9-c5ce-4f5f-9b9c-f3f34eb08f23}</UniqueIdentifier>
    </Filter>
    <Filter Include="include\window">
      <UniqueIdentifier>{121ef676-7b36-4f81-8f36-42d5bd1c267b}</UniqueIdentifier>
    </Filter>
    <Filter Include="src\window">
      <UniqueIdentifier>{0be02757-c120-4b0b-b63d-6af28fbcdfa4}</UniqueIdentifier>
    </Filter>
    <Filter Include="include\utils">
      <UniqueIdentifier>{4d4cc415-5b22-4676-bba9-0dea59c419d6}</UniqueIdentifier>
    </Filter>
    <Filter Include="src\utils">
      <UniqueIdentifier>{b1bda194-6c66-45d1-9332-8e09865c0a3a}</UniqueIdentifier>
    </Filter>
    <Filter Include="include\adt">
      <UniqueIdentifier>{ab3e36e8-9b95-448d-a536-e998a21c19f0}</UniqueIdentifier>
    </Filter>
    <Filter Include="include\core">
      <UniqueIdentifier>{68eeae6f-1633-4050-bf45-8c39212ff363}</UniqueIdentifier>
    </Filter>
    <Filter Include="src\core">
      <UniqueIdentifier>{8d38fb79-4820-4a0b-88aa-c9f173c80df9}</UniqueIdentifier>
    </Filter>
    <Filter Include="include\graphics">
      <UniqueIdentifier>{cfd78685-8a8f-4985-b105-89f215efcc28}</UniqueIdentifier>
    </Filter>
    <Filter Include="src\graphics">
      <UniqueIdentifier>{b6dcc112-4124-466b-9a5c-b3d6b21783a8}</UniqueIdentifier>
    </Filter>
    <Filter Include="include\core\actors">
      <UniqueIdentifier>{1a09b927-bec5-4006-9ff4-96c209e45ab3}</UniqueIdentifier>
    </Filter>
    <Filter Include="src\core\actors">
      <UniqueIdentifier>{d0e06e8d-49ef-4bbb-b479-cdf3e48595a8}</UniqueIdentifier>
    </Filter>
  </ItemGroup>
  <ItemGroup>
    <ClCompile Include="..\src\main\main.cpp">
      <Filter>src\main</Filter>
    </ClCompile>
    <ClCompile Include="..\include\pch\pch.cpp">
      <Filter>include\pch</Filter>
    </ClCompile>
    <ClCompile Include="..\src\window\window.cpp">
      <Filter>src\window</Filter>
    </ClCompile>
    <ClCompile Include="..\src\utils\stringUtils.cpp">
      <Filter>src\utils</Filter>
    </ClCompile>
    <ClCompile Include="..\src\core\engine.cpp">
      <Filter>src\core</Filter>
    </ClCompile>
    <ClCompile Include="..\src\graphics\renderer.cpp">
      <Filter>src\graphics</Filter>
    </ClCompile>
    <ClCompile Include="..\src\core\timer.cpp">
      <Filter>src\core</Filter>
    </ClCompile>
    <ClCompile Include="..\src\core\timerMut.cpp">
      <Filter>src\core</Filter>
    </ClCompile>
    <ClCompile Include="..\src\core\scene.cpp">
      <Filter>src\core</Filter>
    </ClCompile>
  </ItemGroup>
  <ItemGroup>
    <ClInclude Include="..\include\window\window.hpp">
      <Filter>include\window</Filter>
    </ClInclude>
    <ClInclude Include="..\include\pch\pch.hpp">
      <Filter>include\pch</Filter>
    </ClInclude>
    <ClInclude Include="..\include\window\windowStyle.hpp">
      <Filter>include\window</Filter>
    </ClInclude>
    <ClInclude Include="..\include\window\windowConfigImm.hpp">
      <Filter>include\window</Filter>
    </ClInclude>
    <ClInclude Include="..\include\window\windowMut.hpp">
      <Filter>include\window</Filter>
    </ClInclude>
    <ClInclude Include="..\include\utils\stringUtils.hpp">
      <Filter>include\utils</Filter>
    </ClInclude>
    <ClInclude Include="..\include\adt\maybe.hpp">
      <Filter>include\adt</Filter>
    </ClInclude>
    <ClInclude Include="..\include\window\inputMessage.hpp">
      <Filter>include\window</Filter>
    </ClInclude>
    <ClInclude Include="..\include\adt\sum.hpp">
      <Filter>include\adt</Filter>
    </ClInclude>
    <ClInclude Include="..\include\hpFp.hpp">
      <Filter>include</Filter>
    </ClInclude>
    <ClInclude Include="..\include\core\engineMut.hpp">
      <Filter>include\core</Filter>
    </ClInclude>
    <ClInclude Include="..\include\core\engine.hpp">
      <Filter>include\core</Filter>
    </ClInclude>
    <ClInclude Include="..\include\graphics\rendererMut.hpp">
      <Filter>include\graphics</Filter>
    </ClInclude>
    <ClInclude Include="..\include\graphics\renderer.hpp">
      <Filter>include\graphics</Filter>
    </ClInclude>
    <ClInclude Include="..\include\core\timer.hpp">
      <Filter>include\core</Filter>
    </ClInclude>
    <ClInclude Include="..\include\core\timerMut.hpp">
      <Filter>include\core</Filter>
    </ClInclude>
    <ClInclude Include="..\include\adt\list.hpp">
      <Filter>include\adt</Filter>
    </ClInclude>
    <ClInclude Include="..\include\adt\map.hpp">
      <Filter>include\adt</Filter>
    </ClInclude>
    <ClInclude Include="..\include\core\worldImm.hpp">
      <Filter>include\core</Filter>
    </ClInclude>
    <ClInclude Include="..\include\core\sceneImm.hpp">
      <Filter>include\core</Filter>
    </ClInclude>
    <ClInclude Include="..\include\core\actors\actorImm.hpp">
      <Filter>include\core\actors</Filter>
    </ClInclude>
    <ClInclude Include="..\include\core\actors\component.hpp">
      <Filter>include\core\actors</Filter>
    </ClInclude>
    <ClInclude Include="..\include\adt\tree.hpp">
      <Filter>include\adt</Filter>
    </ClInclude>
    <ClInclude Include="..\include\core\scene.hpp">
      <Filter>include\core</Filter>
    </ClInclude>
  </ItemGroup>
</Project>