<?xml version="1.0" encoding="utf-8"?>
<Project ToolsVersion="4.0" xmlns="http://schemas.microsoft.com/developer/msbuild/2003">
  <ItemGroup>
    <Filter Include="include">
      <UniqueIdentifier>{40968eb3-c312-40a0-b85b-8ad245eedec5}</UniqueIdentifier>
    </Filter>
    <Filter Include="src">
      <UniqueIdentifier>{2f115c88-8160-4e2d-9afd-edd3fbfc2de2}</UniqueIdentifier>
    </Filter>
    <Filter Include="src\main">
      <UniqueIdentifier>{fb4a53f3-9553-44b7-8426-108fdf1194bf}</UniqueIdentifier>
    </Filter>
    <Filter Include="src\component">
      <UniqueIdentifier>{dd4b7837-1342-4e37-8b6d-89363bffdc31}</UniqueIdentifier>
    </Filter>
  </ItemGroup>
  <ItemGroup>
    <ClCompile Include="..\src\main\main.cpp">
      <Filter>src\main</Filter>
    </ClCompile>
    <ClCompile Include="..\src\component\ballTransformComponent.cpp">
      <Filter>src\component</Filter>
    </ClCompile>
  </ItemGroup>
  <ItemGroup>
    <ClInclude Include="..\src\component\ballTransformComponent.hpp">
      <Filter>src\component</Filter>
    </ClInclude>
  </ItemGroup>
</Project>